
Microsoft Visual Studio Solution File, Format Version 12.00
# Visual Studio Version 17
VisualStudioVersion = 17.11.35327.3
MinimumVisualStudioVersion = 10.0.40219.1
Project("{FAE04EC0-301F-11D3-BF4B-00C04F79EFBC}") = "DemoTCPServer", "DemoTCPServer\DemoTCPServer.csproj", "{FCADA2CB-0D14-4955-A00D-ABE732B289C7}"
EndProject
Project("{FAE04EC0-301F-11D3-BF4B-00C04F79EFBC}") = "DemoTCPClient", "DemoTCPClient\DemoTCPClient.csproj", "{72FBC9E2-683A-4458-AA45-68ED1E647493}"
EndProject
Project("{FAE04EC0-301F-11D3-BF4B-00C04F79EFBC}") = "DemoUDPServer", "DemoUDPServer\DemoUDPServer.csproj", "{122B42B5-EBE1-4ABA-8547-2DA2F6E91BAF}"
EndProject
Project("{FAE04EC0-301F-11D3-BF4B-00C04F79EFBC}") = "DemoUDPClient", "DemoUDPClient\DemoUDPClient.csproj", "{4934709C-8BA5-48B2-9C67-C6818BBF6537}"
EndProject
Project("{FAE04EC0-301F-11D3-BF4B-00C04F79EFBC}") = "DemoDatiStrutturatiServer", "DemoDatiStrutturatiServer\DemoDatiStrutturatiServer.csproj", "{8732B54A-1872-441F-8698-43D7BAF0D3A7}"
EndProject
Project("{FAE04EC0-301F-11D3-BF4B-00C04F79EFBC}") = "DemoDatiStrutturatiClient", "DemoDatiStrutturatiClient\DemoDatiStrutturatiClient.csproj", "{1BBC94C2-AA10-4C2F-B457-2B2D44B21D48}"
EndProject
Global
	GlobalSection(SolutionConfigurationPlatforms) = preSolution
		Debug|Any CPU = Debug|Any CPU
		Release|Any CPU = Release|Any CPU
	EndGlobalSection
	GlobalSection(ProjectConfigurationPlatforms) = postSolution
		{FCADA2CB-0D14-4955-A00D-ABE732B289C7}.Debug|Any CPU.ActiveCfg = Debug|Any CPU
		{FCADA2CB-0D14-4955-A00D-ABE732B289C7}.Debug|Any CPU.Build.0 = Debug|Any CPU
		{FCADA2CB-0D14-4955-A00D-ABE732B289C7}.Release|Any CPU.ActiveCfg = Release|Any CPU
		{FCADA2CB-0D14-4955-A00D-ABE732B289C7}.Release|Any CPU.Build.0 = Release|Any CPU
		{72FBC9E2-683A-4458-AA45-68ED1E647493}.Debug|Any CPU.ActiveCfg = Debug|Any CPU
		{72FBC9E2-683A-4458-AA45-68ED1E647493}.Debug|Any CPU.Build.0 = Debug|Any CPU
		{72FBC9E2-683A-4458-AA45-68ED1E647493}.Release|Any CPU.ActiveCfg = Release|Any CPU
		{72FBC9E2-683A-4458-AA45-68ED1E647493}.Release|Any CPU.Build.0 = Release|Any CPU
		{122B42B5-EBE1-4ABA-8547-2DA2F6E91BAF}.Debug|Any CPU.ActiveCfg = Debug|Any CPU
		{122B42B5-EBE1-4ABA-8547-2DA2F6E91BAF}.Debug|Any CPU.Build.0 = Debug|Any CPU
		{122B42B5-EBE1-4ABA-8547-2DA2F6E91BAF}.Release|Any CPU.ActiveCfg = Release|Any CPU
		{122B42B5-EBE1-4ABA-8547-2DA2F6E91BAF}.Release|Any CPU.Build.0 = Release|Any CPU
		{4934709C-8BA5-48B2-9C67-C6818BBF6537}.Debug|Any CPU.ActiveCfg = Debug|Any CPU
		{4934709C-8BA5-48B2-9C67-C6818BBF6537}.Debug|Any CPU.Build.0 = Debug|Any CPU
		{4934709C-8BA5-48B2-9C67-C6818BBF6537}.Release|Any CPU.ActiveCfg = Release|Any CPU
		{4934709C-8BA5-48B2-9C67-C6818BBF6537}.Release|Any CPU.Build.0 = Release|Any CPU
		{8732B54A-1872-441F-8698-43D7BAF0D3A7}.Debug|Any CPU.ActiveCfg = Debug|Any CPU
		{8732B54A-1872-441F-8698-43D7BAF0D3A7}.Debug|Any CPU.Build.0 = Debug|Any CPU
		{8732B54A-1872-441F-8698-43D7BAF0D3A7}.Release|Any CPU.ActiveCfg = Release|Any CPU
		{8732B54A-1872-441F-8698-43D7BAF0D3A7}.Release|Any CPU.Build.0 = Release|Any CPU
		{1BBC94C2-AA10-4C2F-B457-2B2D44B21D48}.Debug|Any CPU.ActiveCfg = Debug|Any CPU
		{1BBC94C2-AA10-4C2F-B457-2B2D44B21D48}.Debug|Any CPU.Build.0 = Debug|Any CPU
		{1BBC94C2-AA10-4C2F-B457-2B2D44B21D48}.Release|Any CPU.ActiveCfg = Release|Any CPU
		{1BBC94C2-AA10-4C2F-B457-2B2D44B21D48}.Release|Any CPU.Build.0 = Release|Any CPU
	EndGlobalSection
	GlobalSection(SolutionProperties) = preSolution
		HideSolutionNode = FALSE
	EndGlobalSection
	GlobalSection(ExtensibilityGlobals) = postSolution
		SolutionGuid = {E1BE7337-0686-4ECD-9C50-4051F6F85D34}
	EndGlobalSection
EndGlobal
